
Microsoft Visual Studio Solution File, Format Version 12.00
# Visual Studio 14
VisualStudioVersion = 14.0.25420.1
MinimumVisualStudioVersion = 10.0.40219.1
Project("{8BC9CEB8-8B4A-11D0-8D11-00A0C91BC942}") = "邻接多重表", "邻接多重表\邻接多重表.vcxproj", "{936A0127-7CF2-4ECA-8FDE-6BFE552CAFAA}"
EndProject
Project("{8BC9CEB8-8B4A-11D0-8D11-00A0C91BC942}") = "最小生成树_Prim", "最小生成树_Prim\最小生成树_Prim.vcxproj", "{6DDF1DFA-9673-4A7A-8C7A-57640FA9E4C7}"
EndProject
Project("{8BC9CEB8-8B4A-11D0-8D11-00A0C91BC942}") = "最小生成树_Kruskal", "最小生成树_Kruskal\最小生成树_Kruskal.vcxproj", "{A2050603-CAFE-4483-A69E-BEFFF547FE8D}"
EndProject
Project("{8BC9CEB8-8B4A-11D0-8D11-00A0C91BC942}") = "最短路径_Dijkstra", "最短路径_Dijkstra\最短路径_Dijkstra.vcxproj", "{89166694-CF02-4636-9D8B-A037C17D05B3}"
EndProject
Project("{8BC9CEB8-8B4A-11D0-8D11-00A0C91BC942}") = "最短路径_Floyd", "最短路径_Floyd\最短路径_Floyd.vcxproj", "{830A75DC-2CA0-456E-A241-ACB99A0A87A5}"
EndProject
Global
	GlobalSection(SolutionConfigurationPlatforms) = preSolution
		Debug|x64 = Debug|x64
		Debug|x86 = Debug|x86
		Release|x64 = Release|x64
		Release|x86 = Release|x86
	EndGlobalSection
	GlobalSection(ProjectConfigurationPlatforms) = postSolution
		{936A0127-7CF2-4ECA-8FDE-6BFE552CAFAA}.Debug|x64.ActiveCfg = Debug|x64
		{936A0127-7CF2-4ECA-8FDE-6BFE552CAFAA}.Debug|x64.Build.0 = Debug|x64
		{936A0127-7CF2-4ECA-8FDE-6BFE552CAFAA}.Debug|x86.ActiveCfg = Debug|Win32
		{936A0127-7CF2-4ECA-8FDE-6BFE552CAFAA}.Debug|x86.Build.0 = Debug|Win32
		{936A0127-7CF2-4ECA-8FDE-6BFE552CAFAA}.Release|x64.ActiveCfg = Release|x64
		{936A0127-7CF2-4ECA-8FDE-6BFE552CAFAA}.Release|x64.Build.0 = Release|x64
		{936A0127-7CF2-4ECA-8FDE-6BFE552CAFAA}.Release|x86.ActiveCfg = Release|Win32
		{936A0127-7CF2-4ECA-8FDE-6BFE552CAFAA}.Release|x86.Build.0 = Release|Win32
		{6DDF1DFA-9673-4A7A-8C7A-57640FA9E4C7}.Debug|x64.ActiveCfg = Debug|x64
		{6DDF1DFA-9673-4A7A-8C7A-57640FA9E4C7}.Debug|x64.Build.0 = Debug|x64
		{6DDF1DFA-9673-4A7A-8C7A-57640FA9E4C7}.Debug|x86.ActiveCfg = Debug|Win32
		{6DDF1DFA-9673-4A7A-8C7A-57640FA9E4C7}.Debug|x86.Build.0 = Debug|Win32
		{6DDF1DFA-9673-4A7A-8C7A-57640FA9E4C7}.Release|x64.ActiveCfg = Release|x64
		{6DDF1DFA-9673-4A7A-8C7A-57640FA9E4C7}.Release|x64.Build.0 = Release|x64
		{6DDF1DFA-9673-4A7A-8C7A-57640FA9E4C7}.Release|x86.ActiveCfg = Release|Win32
		{6DDF1DFA-9673-4A7A-8C7A-57640FA9E4C7}.Release|x86.Build.0 = Release|Win32
		{A2050603-CAFE-4483-A69E-BEFFF547FE8D}.Debug|x64.ActiveCfg = Debug|x64
		{A2050603-CAFE-4483-A69E-BEFFF547FE8D}.Debug|x64.Build.0 = Debug|x64
		{A2050603-CAFE-4483-A69E-BEFFF547FE8D}.Debug|x86.ActiveCfg = Debug|Win32
		{A2050603-CAFE-4483-A69E-BEFFF547FE8D}.Debug|x86.Build.0 = Debug|Win32
		{A2050603-CAFE-4483-A69E-BEFFF547FE8D}.Release|x64.ActiveCfg = Release|x64
		{A2050603-CAFE-4483-A69E-BEFFF547FE8D}.Release|x64.Build.0 = Release|x64
		{A2050603-CAFE-4483-A69E-BEFFF547FE8D}.Release|x86.ActiveCfg = Release|Win32
		{A2050603-CAFE-4483-A69E-BEFFF547FE8D}.Release|x86.Build.0 = Release|Win32
		{89166694-CF02-4636-9D8B-A037C17D05B3}.Debug|x64.ActiveCfg = Debug|x64
		{89166694-CF02-4636-9D8B-A037C17D05B3}.Debug|x64.Build.0 = Debug|x64
		{89166694-CF02-4636-9D8B-A037C17D05B3}.Debug|x86.ActiveCfg = Debug|Win32
		{89166694-CF02-4636-9D8B-A037C17D05B3}.Debug|x86.Build.0 = Debug|Win32
		{89166694-CF02-4636-9D8B-A037C17D05B3}.Release|x64.ActiveCfg = Release|x64
		{89166694-CF02-4636-9D8B-A037C17D05B3}.Release|x64.Build.0 = Release|x64
		{89166694-CF02-4636-9D8B-A037C17D05B3}.Release|x86.ActiveCfg = Release|Win32
		{89166694-CF02-4636-9D8B-A037C17D05B3}.Release|x86.Build.0 = Release|Win32
		{830A75DC-2CA0-456E-A241-ACB99A0A87A5}.Debug|x64.ActiveCfg = Debug|x64
		{830A75DC-2CA0-456E-A241-ACB99A0A87A5}.Debug|x64.Build.0 = Debug|x64
		{830A75DC-2CA0-456E-A241-ACB99A0A87A5}.Debug|x86.ActiveCfg = Debug|Win32
		{830A75DC-2CA0-456E-A241-ACB99A0A87A5}.Debug|x86.Build.0 = Debug|Win32
		{830A75DC-2CA0-456E-A241-ACB99A0A87A5}.Release|x64.ActiveCfg = Release|x64
		{830A75DC-2CA0-456E-A241-ACB99A0A87A5}.Release|x64.Build.0 = Release|x64
		{830A75DC-2CA0-456E-A241-ACB99A0A87A5}.Release|x86.ActiveCfg = Release|Win32
		{830A75DC-2CA0-456E-A241-ACB99A0A87A5}.Release|x86.Build.0 = Release|Win32
	EndGlobalSection
	GlobalSection(SolutionProperties) = preSolution
		HideSolutionNode = FALSE
	EndGlobalSection
EndGlobal
