
Microsoft Visual Studio Solution File, Format Version 12.00
# Visual Studio 14
VisualStudioVersion = 14.0.25420.1
MinimumVisualStudioVersion = 10.0.40219.1
Project("{8BC9CEB8-8B4A-11D0-8D11-00A0C91BC942}") = "拆半查找", "拆半查找\拆半查找.vcxproj", "{F1B1D89D-C15E-4A76-A24E-06E80F467477}"
EndProject
Project("{8BC9CEB8-8B4A-11D0-8D11-00A0C91BC942}") = "插值查找", "插值查找\插值查找.vcxproj", "{C13D5419-674E-49B0-9334-BA46179ECAB7}"
EndProject
Project("{8BC9CEB8-8B4A-11D0-8D11-00A0C91BC942}") = "斐波那契查找", "斐波那契查找\斐波那契查找.vcxproj", "{FB4B443B-D378-42AB-98D3-DCFD622986BE}"
EndProject
Project("{8BC9CEB8-8B4A-11D0-8D11-00A0C91BC942}") = "二叉排序树", "二叉排序树\二叉排序树.vcxproj", "{AB900502-7C09-406E-8A3C-AA4838988FCF}"
EndProject
Global
	GlobalSection(SolutionConfigurationPlatforms) = preSolution
		Debug|x64 = Debug|x64
		Debug|x86 = Debug|x86
		Release|x64 = Release|x64
		Release|x86 = Release|x86
	EndGlobalSection
	GlobalSection(ProjectConfigurationPlatforms) = postSolution
		{F1B1D89D-C15E-4A76-A24E-06E80F467477}.Debug|x64.ActiveCfg = Debug|x64
		{F1B1D89D-C15E-4A76-A24E-06E80F467477}.Debug|x64.Build.0 = Debug|x64
		{F1B1D89D-C15E-4A76-A24E-06E80F467477}.Debug|x86.ActiveCfg = Debug|Win32
		{F1B1D89D-C15E-4A76-A24E-06E80F467477}.Debug|x86.Build.0 = Debug|Win32
		{F1B1D89D-C15E-4A76-A24E-06E80F467477}.Release|x64.ActiveCfg = Release|x64
		{F1B1D89D-C15E-4A76-A24E-06E80F467477}.Release|x64.Build.0 = Release|x64
		{F1B1D89D-C15E-4A76-A24E-06E80F467477}.Release|x86.ActiveCfg = Release|Win32
		{F1B1D89D-C15E-4A76-A24E-06E80F467477}.Release|x86.Build.0 = Release|Win32
		{C13D5419-674E-49B0-9334-BA46179ECAB7}.Debug|x64.ActiveCfg = Debug|x64
		{C13D5419-674E-49B0-9334-BA46179ECAB7}.Debug|x64.Build.0 = Debug|x64
		{C13D5419-674E-49B0-9334-BA46179ECAB7}.Debug|x86.ActiveCfg = Debug|Win32
		{C13D5419-674E-49B0-9334-BA46179ECAB7}.Debug|x86.Build.0 = Debug|Win32
		{C13D5419-674E-49B0-9334-BA46179ECAB7}.Release|x64.ActiveCfg = Release|x64
		{C13D5419-674E-49B0-9334-BA46179ECAB7}.Release|x64.Build.0 = Release|x64
		{C13D5419-674E-49B0-9334-BA46179ECAB7}.Release|x86.ActiveCfg = Release|Win32
		{C13D5419-674E-49B0-9334-BA46179ECAB7}.Release|x86.Build.0 = Release|Win32
		{FB4B443B-D378-42AB-98D3-DCFD622986BE}.Debug|x64.ActiveCfg = Debug|x64
		{FB4B443B-D378-42AB-98D3-DCFD622986BE}.Debug|x64.Build.0 = Debug|x64
		{FB4B443B-D378-42AB-98D3-DCFD622986BE}.Debug|x86.ActiveCfg = Debug|Win32
		{FB4B443B-D378-42AB-98D3-DCFD622986BE}.Debug|x86.Build.0 = Debug|Win32
		{FB4B443B-D378-42AB-98D3-DCFD622986BE}.Release|x64.ActiveCfg = Release|x64
		{FB4B443B-D378-42AB-98D3-DCFD622986BE}.Release|x64.Build.0 = Release|x64
		{FB4B443B-D378-42AB-98D3-DCFD622986BE}.Release|x86.ActiveCfg = Release|Win32
		{FB4B443B-D378-42AB-98D3-DCFD622986BE}.Release|x86.Build.0 = Release|Win32
		{AB900502-7C09-406E-8A3C-AA4838988FCF}.Debug|x64.ActiveCfg = Debug|x64
		{AB900502-7C09-406E-8A3C-AA4838988FCF}.Debug|x64.Build.0 = Debug|x64
		{AB900502-7C09-406E-8A3C-AA4838988FCF}.Debug|x86.ActiveCfg = Debug|Win32
		{AB900502-7C09-406E-8A3C-AA4838988FCF}.Debug|x86.Build.0 = Debug|Win32
		{AB900502-7C09-406E-8A3C-AA4838988FCF}.Release|x64.ActiveCfg = Release|x64
		{AB900502-7C09-406E-8A3C-AA4838988FCF}.Release|x64.Build.0 = Release|x64
		{AB900502-7C09-406E-8A3C-AA4838988FCF}.Release|x86.ActiveCfg = Release|Win32
		{AB900502-7C09-406E-8A3C-AA4838988FCF}.Release|x86.Build.0 = Release|Win32
	EndGlobalSection
	GlobalSection(SolutionProperties) = preSolution
		HideSolutionNode = FALSE
	EndGlobalSection
EndGlobal
